
Microsoft Visual Studio Solution File, Format Version 12.00
# Visual Studio Version 16
VisualStudioVersion = 16.0.31911.196
MinimumVisualStudioVersion = 10.0.40219.1
Project("{FAE04EC0-301F-11D3-BF4B-00C04F79EFBC}") = "Funcan", "Funcan.csproj", "{DAD43C21-B16C-4A1D-8203-26EF1B7CAFFF}"
EndProject
Global
	GlobalSection(SolutionConfigurationPlatforms) = preSolution
		Debug|Any CPU = Debug|Any CPU
		Release|Any CPU = Release|Any CPU
	EndGlobalSection
	GlobalSection(ProjectConfigurationPlatforms) = postSolution
		{DAD43C21-B16C-4A1D-8203-26EF1B7CAFFF}.Debug|Any CPU.ActiveCfg = Debug|Any CPU
		{DAD43C21-B16C-4A1D-8203-26EF1B7CAFFF}.Debug|Any CPU.Build.0 = Debug|Any CPU
		{DAD43C21-B16C-4A1D-8203-26EF1B7CAFFF}.Release|Any CPU.ActiveCfg = Release|Any CPU
		{DAD43C21-B16C-4A1D-8203-26EF1B7CAFFF}.Release|Any CPU.Build.0 = Release|Any CPU
	EndGlobalSection
	GlobalSection(SolutionProperties) = preSolution
		HideSolutionNode = FALSE
	EndGlobalSection
	GlobalSection(ExtensibilityGlobals) = postSolution
		SolutionGuid = {D6D56A5D-CE18-47C1-B082-BFFBE47D6B98}
	EndGlobalSection
EndGlobal
